
Microsoft Visual Studio Solution File, Format Version 12.00
# Visual Studio Version 17
VisualStudioVersion = 17.10.34928.147
MinimumVisualStudioVersion = 10.0.40219.1
Project("{FAE04EC0-301F-11D3-BF4B-00C04F79EFBC}") = "Koytz-RiotID-changer-v2", "Koytz-RiotID-changer-v2.csproj", "{C2F5143D-4D0E-40A5-A475-CDEE52777312}"
EndProject
Global
	GlobalSection(SolutionConfigurationPlatforms) = preSolution
		Debug|Any CPU = Debug|Any CPU
		Release|Any CPU = Release|Any CPU
	EndGlobalSection
	GlobalSection(ProjectConfigurationPlatforms) = postSolution
		{C2F5143D-4D0E-40A5-A475-CDEE52777312}.Debug|Any CPU.ActiveCfg = Debug|Any CPU
		{C2F5143D-4D0E-40A5-A475-CDEE52777312}.Debug|Any CPU.Build.0 = Debug|Any CPU
		{C2F5143D-4D0E-40A5-A475-CDEE52777312}.Release|Any CPU.ActiveCfg = Release|Any CPU
		{C2F5143D-4D0E-40A5-A475-CDEE52777312}.Release|Any CPU.Build.0 = Release|Any CPU
	EndGlobalSection
	GlobalSection(SolutionProperties) = preSolution
		HideSolutionNode = FALSE
	EndGlobalSection
	GlobalSection(ExtensibilityGlobals) = postSolution
		SolutionGuid = {C70360D5-8C5F-4404-B815-8C4F380E1EEC}
	EndGlobalSection
EndGlobal
